{
  "originHash" : "bcae009853a7b1dfd4e8c264756357ef4d1f37c2f685c2e637882e77e1c94328",
  "pins" : [
    {
      "identity" : "catfacts",
      "kind" : "remoteSourceControl",
      "location" : "https://github.com/PaulKlauser/CatFacts",
      "state" : {
        "revision" : "9d4acc4336d668ad523c6d68f31c9c4feb6c297b",
        "version" : "0.1.0"
      }
    }
  ],
  "version" : 3
}
