{
  "originHash" : "bcae009853a7b1dfd4e8c264756357ef4d1f37c2f685c2e637882e77e1c94328",
  "pins" : [
    {
      "identity" : "catfacts",
      "kind" : "remoteSourceControl",
      "location" : "https://github.com/PaulKlauser/CatFacts",
      "state" : {
        "revision" : "921f3a74966222ecf08d5a5cfb4f9dc387020147",
        "version" : "0.2.0"
      }
    }
  ],
  "version" : 3
}
